
Microsoft Visual Studio Solution File, Format Version 12.00
# Visual Studio Version 17
VisualStudioVersion = 17.9.34607.119
MinimumVisualStudioVersion = 10.0.40219.1
Project("{FAE04EC0-301F-11D3-BF4B-00C04F79EFBC}") = "MindSpringsTest", "MindSpringsTest\MindSpringsTest.csproj", "{C579A61C-A477-411F-93C9-50602F1E4795}"
EndProject
Global
	GlobalSection(SolutionConfigurationPlatforms) = preSolution
		Debug|Any CPU = Debug|Any CPU
		Release|Any CPU = Release|Any CPU
	EndGlobalSection
	GlobalSection(ProjectConfigurationPlatforms) = postSolution
		{C579A61C-A477-411F-93C9-50602F1E4795}.Debug|Any CPU.ActiveCfg = Debug|Any CPU
		{C579A61C-A477-411F-93C9-50602F1E4795}.Debug|Any CPU.Build.0 = Debug|Any CPU
		{C579A61C-A477-411F-93C9-50602F1E4795}.Release|Any CPU.ActiveCfg = Release|Any CPU
		{C579A61C-A477-411F-93C9-50602F1E4795}.Release|Any CPU.Build.0 = Release|Any CPU
	EndGlobalSection
	GlobalSection(SolutionProperties) = preSolution
		HideSolutionNode = FALSE
	EndGlobalSection
	GlobalSection(ExtensibilityGlobals) = postSolution
		SolutionGuid = {7B6957BD-1CC9-4C53-9D0F-020487042746}
	EndGlobalSection
EndGlobal
